
Microsoft Visual Studio Solution File, Format Version 12.00
# Visual Studio Version 17
VisualStudioVersion = 17.5.33424.131
MinimumVisualStudioVersion = 10.0.40219.1
Project("{FAE04EC0-301F-11D3-BF4B-00C04F79EFBC}") = "CA230323", "CA230323.csproj", "{CE1A5A61-26CE-489C-BEF3-91B0E5D8CAE8}"
EndProject
Global
	GlobalSection(SolutionConfigurationPlatforms) = preSolution
		Debug|Any CPU = Debug|Any CPU
		Release|Any CPU = Release|Any CPU
	EndGlobalSection
	GlobalSection(ProjectConfigurationPlatforms) = postSolution
		{CE1A5A61-26CE-489C-BEF3-91B0E5D8CAE8}.Debug|Any CPU.ActiveCfg = Debug|Any CPU
		{CE1A5A61-26CE-489C-BEF3-91B0E5D8CAE8}.Debug|Any CPU.Build.0 = Debug|Any CPU
		{CE1A5A61-26CE-489C-BEF3-91B0E5D8CAE8}.Release|Any CPU.ActiveCfg = Release|Any CPU
		{CE1A5A61-26CE-489C-BEF3-91B0E5D8CAE8}.Release|Any CPU.Build.0 = Release|Any CPU
	EndGlobalSection
	GlobalSection(SolutionProperties) = preSolution
		HideSolutionNode = FALSE
	EndGlobalSection
	GlobalSection(ExtensibilityGlobals) = postSolution
		SolutionGuid = {A09B02D2-B32A-48B1-96E0-77CB57D428AB}
	EndGlobalSection
EndGlobal
